
Microsoft Visual Studio Solution File, Format Version 12.00
# Visual Studio 14
VisualStudioVersion = 14.0.25420.1
MinimumVisualStudioVersion = 10.0.40219.1
Project("{E24C65DC-7377-472B-9ABA-BC803B73C61A}") = "test", "test\", "{CC64AF74-D013-4582-8902-8B318EC4A93D}"
	ProjectSection(WebsiteProperties) = preProject
		TargetFrameworkMoniker = ".NETFramework,Version%3Dv4.0"
		Debug.AspNetCompiler.VirtualPath = "/localhost_53867"
		Debug.AspNetCompiler.PhysicalPath = "test\"
		Debug.AspNetCompiler.TargetPath = "PrecompiledWeb\localhost_53867\"
		Debug.AspNetCompiler.Updateable = "true"
		Debug.AspNetCompiler.ForceOverwrite = "true"
		Debug.AspNetCompiler.FixedNames = "false"
		Debug.AspNetCompiler.Debug = "True"
		Release.AspNetCompiler.VirtualPath = "/localhost_53867"
		Release.AspNetCompiler.PhysicalPath = "test\"
		Release.AspNetCompiler.TargetPath = "PrecompiledWeb\localhost_53867\"
		Release.AspNetCompiler.Updateable = "true"
		Release.AspNetCompiler.ForceOverwrite = "true"
		Release.AspNetCompiler.FixedNames = "false"
		Release.AspNetCompiler.Debug = "False"
		VWDPort = "53867"
		SlnRelativePath = "test\"
	EndProjectSection
EndProject
Project("{E24C65DC-7377-472B-9ABA-BC803B73C61A}") = "button", "button\", "{A194E53B-279C-4979-837C-A557FC72FB23}"
	ProjectSection(WebsiteProperties) = preProject
		TargetFrameworkMoniker = ".NETFramework,Version%3Dv4.0"
		Debug.AspNetCompiler.VirtualPath = "/localhost_52499"
		Debug.AspNetCompiler.PhysicalPath = "button\"
		Debug.AspNetCompiler.TargetPath = "PrecompiledWeb\localhost_52499\"
		Debug.AspNetCompiler.Updateable = "true"
		Debug.AspNetCompiler.ForceOverwrite = "true"
		Debug.AspNetCompiler.FixedNames = "false"
		Debug.AspNetCompiler.Debug = "True"
		Release.AspNetCompiler.VirtualPath = "/localhost_52499"
		Release.AspNetCompiler.PhysicalPath = "button\"
		Release.AspNetCompiler.TargetPath = "PrecompiledWeb\localhost_52499\"
		Release.AspNetCompiler.Updateable = "true"
		Release.AspNetCompiler.ForceOverwrite = "true"
		Release.AspNetCompiler.FixedNames = "false"
		Release.AspNetCompiler.Debug = "False"
		VWDPort = "52499"
		SlnRelativePath = "button\"
	EndProjectSection
EndProject
Project("{E24C65DC-7377-472B-9ABA-BC803B73C61A}") = "scroll", "scroll\", "{155ACB17-F09C-4385-AE30-46AB504E0888}"
	ProjectSection(WebsiteProperties) = preProject
		TargetFrameworkMoniker = ".NETFramework,Version%3Dv4.0"
		Debug.AspNetCompiler.VirtualPath = "/localhost_51407"
		Debug.AspNetCompiler.PhysicalPath = "scroll\"
		Debug.AspNetCompiler.TargetPath = "PrecompiledWeb\localhost_51407\"
		Debug.AspNetCompiler.Updateable = "true"
		Debug.AspNetCompiler.ForceOverwrite = "true"
		Debug.AspNetCompiler.FixedNames = "false"
		Debug.AspNetCompiler.Debug = "True"
		Release.AspNetCompiler.VirtualPath = "/localhost_51407"
		Release.AspNetCompiler.PhysicalPath = "scroll\"
		Release.AspNetCompiler.TargetPath = "PrecompiledWeb\localhost_51407\"
		Release.AspNetCompiler.Updateable = "true"
		Release.AspNetCompiler.ForceOverwrite = "true"
		Release.AspNetCompiler.FixedNames = "false"
		Release.AspNetCompiler.Debug = "False"
		VWDPort = "51407"
		SlnRelativePath = "scroll\"
	EndProjectSection
EndProject
Project("{E24C65DC-7377-472B-9ABA-BC803B73C61A}") = "17.液晶屏资料录入", "17.液晶屏资料录入\", "{601B8BB9-8CCC-4117-AA2D-8C8183191354}"
	ProjectSection(WebsiteProperties) = preProject
		TargetFrameworkMoniker = ".NETFramework,Version%3Dv4.0"
		Debug.AspNetCompiler.VirtualPath = "/localhost_50635"
		Debug.AspNetCompiler.PhysicalPath = "17.液晶屏资料录入\"
		Debug.AspNetCompiler.TargetPath = "PrecompiledWeb\localhost_50635\"
		Debug.AspNetCompiler.Updateable = "true"
		Debug.AspNetCompiler.ForceOverwrite = "true"
		Debug.AspNetCompiler.FixedNames = "false"
		Debug.AspNetCompiler.Debug = "True"
		Release.AspNetCompiler.VirtualPath = "/localhost_50635"
		Release.AspNetCompiler.PhysicalPath = "17.液晶屏资料录入\"
		Release.AspNetCompiler.TargetPath = "PrecompiledWeb\localhost_50635\"
		Release.AspNetCompiler.Updateable = "true"
		Release.AspNetCompiler.ForceOverwrite = "true"
		Release.AspNetCompiler.FixedNames = "false"
		Release.AspNetCompiler.Debug = "False"
		VWDPort = "50635"
		SlnRelativePath = "17.液晶屏资料录入\"
	EndProjectSection
EndProject
Project("{E24C65DC-7377-472B-9ABA-BC803B73C61A}") = "文字长度测试", "文字长度测试\", "{236FD194-5833-4204-920C-47E6E56BE977}"
	ProjectSection(WebsiteProperties) = preProject
		TargetFrameworkMoniker = ".NETFramework,Version%3Dv4.0"
		Debug.AspNetCompiler.VirtualPath = "/localhost_55601"
		Debug.AspNetCompiler.PhysicalPath = "文字长度测试\"
		Debug.AspNetCompiler.TargetPath = "PrecompiledWeb\localhost_55601\"
		Debug.AspNetCompiler.Updateable = "true"
		Debug.AspNetCompiler.ForceOverwrite = "true"
		Debug.AspNetCompiler.FixedNames = "false"
		Debug.AspNetCompiler.Debug = "True"
		Release.AspNetCompiler.VirtualPath = "/localhost_55601"
		Release.AspNetCompiler.PhysicalPath = "文字长度测试\"
		Release.AspNetCompiler.TargetPath = "PrecompiledWeb\localhost_55601\"
		Release.AspNetCompiler.Updateable = "true"
		Release.AspNetCompiler.ForceOverwrite = "true"
		Release.AspNetCompiler.FixedNames = "false"
		Release.AspNetCompiler.Debug = "False"
		VWDPort = "55601"
		SlnRelativePath = "文字长度测试\"
	EndProjectSection
EndProject
Project("{E24C65DC-7377-472B-9ABA-BC803B73C61A}") = "定制未来宣言", "定制未来宣言\", "{15B1FFA6-5DB5-404D-8293-FE33E3A23494}"
	ProjectSection(WebsiteProperties) = preProject
		TargetFrameworkMoniker = ".NETFramework,Version%3Dv4.0"
		Debug.AspNetCompiler.VirtualPath = "/localhost_51898"
		Debug.AspNetCompiler.PhysicalPath = "定制未来宣言\"
		Debug.AspNetCompiler.TargetPath = "PrecompiledWeb\localhost_51898\"
		Debug.AspNetCompiler.Updateable = "true"
		Debug.AspNetCompiler.ForceOverwrite = "true"
		Debug.AspNetCompiler.FixedNames = "false"
		Debug.AspNetCompiler.Debug = "True"
		Release.AspNetCompiler.VirtualPath = "/localhost_51898"
		Release.AspNetCompiler.PhysicalPath = "定制未来宣言\"
		Release.AspNetCompiler.TargetPath = "PrecompiledWeb\localhost_51898\"
		Release.AspNetCompiler.Updateable = "true"
		Release.AspNetCompiler.ForceOverwrite = "true"
		Release.AspNetCompiler.FixedNames = "false"
		Release.AspNetCompiler.Debug = "False"
		VWDPort = "51898"
		SlnRelativePath = "定制未来宣言\"
	EndProjectSection
EndProject
Project("{E24C65DC-7377-472B-9ABA-BC803B73C61A}") = "接口测试", "接口测试\", "{C5BD9B58-10CB-422F-B560-75AC62DA15CB}"
	ProjectSection(WebsiteProperties) = preProject
		TargetFrameworkMoniker = ".NETFramework,Version%3Dv4.0"
		Debug.AspNetCompiler.VirtualPath = "/localhost_65230"
		Debug.AspNetCompiler.PhysicalPath = "接口测试\"
		Debug.AspNetCompiler.TargetPath = "PrecompiledWeb\localhost_65230\"
		Debug.AspNetCompiler.Updateable = "true"
		Debug.AspNetCompiler.ForceOverwrite = "true"
		Debug.AspNetCompiler.FixedNames = "false"
		Debug.AspNetCompiler.Debug = "True"
		Release.AspNetCompiler.VirtualPath = "/localhost_65230"
		Release.AspNetCompiler.PhysicalPath = "接口测试\"
		Release.AspNetCompiler.TargetPath = "PrecompiledWeb\localhost_65230\"
		Release.AspNetCompiler.Updateable = "true"
		Release.AspNetCompiler.ForceOverwrite = "true"
		Release.AspNetCompiler.FixedNames = "false"
		Release.AspNetCompiler.Debug = "False"
		VWDPort = "65230"
	EndProjectSection
EndProject
Global
	GlobalSection(SolutionConfigurationPlatforms) = preSolution
		Debug|Any CPU = Debug|Any CPU
	EndGlobalSection
	GlobalSection(ProjectConfigurationPlatforms) = postSolution
		{CC64AF74-D013-4582-8902-8B318EC4A93D}.Debug|Any CPU.ActiveCfg = Debug|Any CPU
		{CC64AF74-D013-4582-8902-8B318EC4A93D}.Debug|Any CPU.Build.0 = Debug|Any CPU
		{A194E53B-279C-4979-837C-A557FC72FB23}.Debug|Any CPU.ActiveCfg = Debug|Any CPU
		{A194E53B-279C-4979-837C-A557FC72FB23}.Debug|Any CPU.Build.0 = Debug|Any CPU
		{155ACB17-F09C-4385-AE30-46AB504E0888}.Debug|Any CPU.ActiveCfg = Debug|Any CPU
		{155ACB17-F09C-4385-AE30-46AB504E0888}.Debug|Any CPU.Build.0 = Debug|Any CPU
		{601B8BB9-8CCC-4117-AA2D-8C8183191354}.Debug|Any CPU.ActiveCfg = Debug|Any CPU
		{601B8BB9-8CCC-4117-AA2D-8C8183191354}.Debug|Any CPU.Build.0 = Debug|Any CPU
		{236FD194-5833-4204-920C-47E6E56BE977}.Debug|Any CPU.ActiveCfg = Debug|Any CPU
		{236FD194-5833-4204-920C-47E6E56BE977}.Debug|Any CPU.Build.0 = Debug|Any CPU
		{15B1FFA6-5DB5-404D-8293-FE33E3A23494}.Debug|Any CPU.ActiveCfg = Debug|Any CPU
		{15B1FFA6-5DB5-404D-8293-FE33E3A23494}.Debug|Any CPU.Build.0 = Debug|Any CPU
		{C5BD9B58-10CB-422F-B560-75AC62DA15CB}.Debug|Any CPU.ActiveCfg = Debug|Any CPU
		{C5BD9B58-10CB-422F-B560-75AC62DA15CB}.Debug|Any CPU.Build.0 = Debug|Any CPU
	EndGlobalSection
	GlobalSection(SolutionProperties) = preSolution
		HideSolutionNode = FALSE
	EndGlobalSection
EndGlobal
